
Microsoft Visual Studio Solution File, Format Version 12.00
# Visual Studio Version 16
VisualStudioVersion = 16.0.30523.141
MinimumVisualStudioVersion = 10.0.40219.1
Project("{9A19103F-16F7-4668-BE54-9A1E7A4F7556}") = "midTerm.Data", "midTerm.Data.csproj", "{F406C7EE-F195-4211-9092-6A592F32AFFE}"
EndProject
Project("{FAE04EC0-301F-11D3-BF4B-00C04F79EFBC}") = "InternetServices", "InternetServices\InternetServices.csproj", "{8811F217-1571-4873-8B31-5386F120758C}"
EndProject
Global
	GlobalSection(SolutionConfigurationPlatforms) = preSolution
		Debug|Any CPU = Debug|Any CPU
		Release|Any CPU = Release|Any CPU
	EndGlobalSection
	GlobalSection(ProjectConfigurationPlatforms) = postSolution
		{F406C7EE-F195-4211-9092-6A592F32AFFE}.Debug|Any CPU.ActiveCfg = Debug|Any CPU
		{F406C7EE-F195-4211-9092-6A592F32AFFE}.Debug|Any CPU.Build.0 = Debug|Any CPU
		{F406C7EE-F195-4211-9092-6A592F32AFFE}.Release|Any CPU.ActiveCfg = Release|Any CPU
		{F406C7EE-F195-4211-9092-6A592F32AFFE}.Release|Any CPU.Build.0 = Release|Any CPU
		{8811F217-1571-4873-8B31-5386F120758C}.Debug|Any CPU.ActiveCfg = Debug|Any CPU
		{8811F217-1571-4873-8B31-5386F120758C}.Debug|Any CPU.Build.0 = Debug|Any CPU
		{8811F217-1571-4873-8B31-5386F120758C}.Release|Any CPU.ActiveCfg = Release|Any CPU
		{8811F217-1571-4873-8B31-5386F120758C}.Release|Any CPU.Build.0 = Release|Any CPU
	EndGlobalSection
	GlobalSection(SolutionProperties) = preSolution
		HideSolutionNode = FALSE
	EndGlobalSection
	GlobalSection(ExtensibilityGlobals) = postSolution
		SolutionGuid = {1ACA854A-FB81-4F46-A73B-BD3BAE81BC9E}
	EndGlobalSection
EndGlobal
